Microsoft Visual Studio Solution File, Format Version 12.00
# Visual Studio Version 17
VisualStudioVersion = 17.5.2.0
MinimumVisualStudioVersion = 10.0.40219.1
Project("{2150E333-8FDC-42A3-9474-1A3956D46DE8}") = "Console_Lab1", "Console_Lab1", "{85EBA7CD-384E-A0C4-0E74-2555014FD1A3}"
EndProject
Project("{FAE04EC0-301F-11D3-BF4B-00C04F79EFBC}") = "lab2-oop", "lab2-oop\lab2-oop.csproj", "{368856A4-C1D1-40ED-2970-9068645D3521}"
EndProject
Project("{FAE04EC0-301F-11D3-BF4B-00C04F79EFBC}") = "lab1-oop", "Console_Lab1\lab1-oop.csproj", "{92471E1B-C705-0EDE-B8E9-A3A721C52BDD}"
EndProject
Global
	GlobalSection(SolutionConfigurationPlatforms) = preSolution
		Debug|Any CPU = Debug|Any CPU
		Release|Any CPU = Release|Any CPU
	EndGlobalSection
	GlobalSection(ProjectConfigurationPlatforms) = postSolution
		{368856A4-C1D1-40ED-2970-9068645D3521}.Debug|Any CPU.ActiveCfg = Debug|Any CPU
		{368856A4-C1D1-40ED-2970-9068645D3521}.Debug|Any CPU.Build.0 = Debug|Any CPU
		{368856A4-C1D1-40ED-2970-9068645D3521}.Release|Any CPU.ActiveCfg = Release|Any CPU
		{368856A4-C1D1-40ED-2970-9068645D3521}.Release|Any CPU.Build.0 = Release|Any CPU
		{92471E1B-C705-0EDE-B8E9-A3A721C52BDD}.Debug|Any CPU.ActiveCfg = Debug|Any CPU
		{92471E1B-C705-0EDE-B8E9-A3A721C52BDD}.Debug|Any CPU.Build.0 = Debug|Any CPU
		{92471E1B-C705-0EDE-B8E9-A3A721C52BDD}.Release|Any CPU.ActiveCfg = Release|Any CPU
		{92471E1B-C705-0EDE-B8E9-A3A721C52BDD}.Release|Any CPU.Build.0 = Release|Any CPU
	EndGlobalSection
	GlobalSection(SolutionProperties) = preSolution
		HideSolutionNode = FALSE
	EndGlobalSection
	GlobalSection(NestedProjects) = preSolution
		{92471E1B-C705-0EDE-B8E9-A3A721C52BDD} = {85EBA7CD-384E-A0C4-0E74-2555014FD1A3}
	EndGlobalSection
	GlobalSection(ExtensibilityGlobals) = postSolution
		SolutionGuid = {B45DB5DA-20B4-4247-A34B-8BB6D2AEF344}
	EndGlobalSection
EndGlobal
