Microsoft Visual Studio Solution File, Format Version 12.00
# Visual Studio Version 17
VisualStudioVersion = 17.5.2.0
MinimumVisualStudioVersion = 10.0.40219.1
Project("{2150E333-8FDC-42A3-9474-1A3956D46DE8}") = "LAB_3_V1", "LAB_3_V1", "{370E62FD-FFB5-12C2-3AC7-96BDB99EC9CC}"
EndProject
Project("{2150E333-8FDC-42A3-9474-1A3956D46DE8}") = "LAB_3_V2", "LAB_3_V2", "{7D8B54EF-E9BC-4C09-C8B6-442AF2A59E97}"
EndProject
Project("{2150E333-8FDC-42A3-9474-1A3956D46DE8}") = "LAB_3_V3", "LAB_3_V3", "{C7E2A147-C6F6-D814-5337-40BE7B1CF3CD}"
EndProject
Project("{2150E333-8FDC-42A3-9474-1A3956D46DE8}") = "LAB_3_V4", "LAB_3_V4", "{14E9B952-18C0-E841-41DE-B53E246D5702}"
EndProject
Project("{FAE04EC0-301F-11D3-BF4B-00C04F79EFBC}") = "LAB_3", "LAB_3_V1\LAB_3.csproj", "{0AF23053-89D6-B4F5-4269-616A149F7F39}"
EndProject
Project("{FAE04EC0-301F-11D3-BF4B-00C04F79EFBC}") = "LAB_3", "LAB_3_V2\LAB_3.csproj", "{987F7EB6-6378-3FFD-2AA5-8254101DF94B}"
EndProject
Project("{FAE04EC0-301F-11D3-BF4B-00C04F79EFBC}") = "LAB_3", "LAB_3_V3\LAB_3.csproj", "{46854C6C-BF9F-1C86-854F-88B1F24E7A03}"
EndProject
Project("{FAE04EC0-301F-11D3-BF4B-00C04F79EFBC}") = "LAB_3", "LAB_3_V4\LAB_3.csproj", "{CF45008C-EFA7-14B7-39B8-3A7604FAD473}"
EndProject
Global
	GlobalSection(SolutionConfigurationPlatforms) = preSolution
		Debug|Any CPU = Debug|Any CPU
		Release|Any CPU = Release|Any CPU
	EndGlobalSection
	GlobalSection(ProjectConfigurationPlatforms) = postSolution
		{0AF23053-89D6-B4F5-4269-616A149F7F39}.Debug|Any CPU.ActiveCfg = Debug|Any CPU
		{0AF23053-89D6-B4F5-4269-616A149F7F39}.Debug|Any CPU.Build.0 = Debug|Any CPU
		{0AF23053-89D6-B4F5-4269-616A149F7F39}.Release|Any CPU.ActiveCfg = Release|Any CPU
		{0AF23053-89D6-B4F5-4269-616A149F7F39}.Release|Any CPU.Build.0 = Release|Any CPU
		{987F7EB6-6378-3FFD-2AA5-8254101DF94B}.Debug|Any CPU.ActiveCfg = Debug|Any CPU
		{987F7EB6-6378-3FFD-2AA5-8254101DF94B}.Debug|Any CPU.Build.0 = Debug|Any CPU
		{987F7EB6-6378-3FFD-2AA5-8254101DF94B}.Release|Any CPU.ActiveCfg = Release|Any CPU
		{987F7EB6-6378-3FFD-2AA5-8254101DF94B}.Release|Any CPU.Build.0 = Release|Any CPU
		{46854C6C-BF9F-1C86-854F-88B1F24E7A03}.Debug|Any CPU.ActiveCfg = Debug|Any CPU
		{46854C6C-BF9F-1C86-854F-88B1F24E7A03}.Debug|Any CPU.Build.0 = Debug|Any CPU
		{46854C6C-BF9F-1C86-854F-88B1F24E7A03}.Release|Any CPU.ActiveCfg = Release|Any CPU
		{46854C6C-BF9F-1C86-854F-88B1F24E7A03}.Release|Any CPU.Build.0 = Release|Any CPU
		{CF45008C-EFA7-14B7-39B8-3A7604FAD473}.Debug|Any CPU.ActiveCfg = Debug|Any CPU
		{CF45008C-EFA7-14B7-39B8-3A7604FAD473}.Debug|Any CPU.Build.0 = Debug|Any CPU
		{CF45008C-EFA7-14B7-39B8-3A7604FAD473}.Release|Any CPU.ActiveCfg = Release|Any CPU
		{CF45008C-EFA7-14B7-39B8-3A7604FAD473}.Release|Any CPU.Build.0 = Release|Any CPU
	EndGlobalSection
	GlobalSection(SolutionProperties) = preSolution
		HideSolutionNode = FALSE
	EndGlobalSection
	GlobalSection(NestedProjects) = preSolution
		{0AF23053-89D6-B4F5-4269-616A149F7F39} = {370E62FD-FFB5-12C2-3AC7-96BDB99EC9CC}
		{987F7EB6-6378-3FFD-2AA5-8254101DF94B} = {7D8B54EF-E9BC-4C09-C8B6-442AF2A59E97}
		{46854C6C-BF9F-1C86-854F-88B1F24E7A03} = {C7E2A147-C6F6-D814-5337-40BE7B1CF3CD}
		{CF45008C-EFA7-14B7-39B8-3A7604FAD473} = {14E9B952-18C0-E841-41DE-B53E246D5702}
	EndGlobalSection
	GlobalSection(ExtensibilityGlobals) = postSolution
		SolutionGuid = {EBCD5281-5976-4A22-AD43-6BBDBBE6CDC4}
	EndGlobalSection
EndGlobal
