Microsoft Visual Studio Solution File, Format Version 12.00
# Visual Studio Version 17
VisualStudioVersion = 17.5.2.0
MinimumVisualStudioVersion = 10.0.40219.1
Project("{2150E333-8FDC-42A3-9474-1A3956D46DE8}") = "LAB_4_V2", "LAB_4_V2", "{CF51D642-7EC8-E555-D971-D07F9450EEFB}"
EndProject
Project("{2150E333-8FDC-42A3-9474-1A3956D46DE8}") = "LAB_4_V3", "LAB_4_V3", "{5A7017A5-E732-70E4-9E23-BDC5685A6AB7}"
EndProject
Project("{2150E333-8FDC-42A3-9474-1A3956D46DE8}") = "LAB_4_V4", "LAB_4_V4", "{DA128DBC-46E3-72A4-9E38-A9BB2244BC44}"
EndProject
Project("{2150E333-8FDC-42A3-9474-1A3956D46DE8}") = "LAB_4_V1", "LAB_4_V1", "{D74D01EA-BF70-E221-51E8-B5578C58920B}"
EndProject
Project("{FAE04EC0-301F-11D3-BF4B-00C04F79EFBC}") = "LAB_3", "LAB_4_V2\LAB_3.csproj", "{CB29EC77-294A-128B-A661-110BB27B2F8F}"
EndProject
Project("{FAE04EC0-301F-11D3-BF4B-00C04F79EFBC}") = "LAB_3", "LAB_4_V3\LAB_3.csproj", "{7ECF62C0-69EE-0E9D-E1DA-7D3158F52308}"
EndProject
Project("{FAE04EC0-301F-11D3-BF4B-00C04F79EFBC}") = "LAB_3", "LAB_4_V4\LAB_3.csproj", "{36E35A83-09DD-66C0-DCCC-D51E95CB7DC8}"
EndProject
Project("{FAE04EC0-301F-11D3-BF4B-00C04F79EFBC}") = "LAB_3", "LAB_4_V1\LAB_3.csproj", "{AB1FC287-87A7-4A3F-56BA-5A3C667860AF}"
EndProject
Global
	GlobalSection(SolutionConfigurationPlatforms) = preSolution
		Debug|Any CPU = Debug|Any CPU
		Release|Any CPU = Release|Any CPU
	EndGlobalSection
	GlobalSection(ProjectConfigurationPlatforms) = postSolution
		{CB29EC77-294A-128B-A661-110BB27B2F8F}.Debug|Any CPU.ActiveCfg = Debug|Any CPU
		{CB29EC77-294A-128B-A661-110BB27B2F8F}.Debug|Any CPU.Build.0 = Debug|Any CPU
		{CB29EC77-294A-128B-A661-110BB27B2F8F}.Release|Any CPU.ActiveCfg = Release|Any CPU
		{CB29EC77-294A-128B-A661-110BB27B2F8F}.Release|Any CPU.Build.0 = Release|Any CPU
		{7ECF62C0-69EE-0E9D-E1DA-7D3158F52308}.Debug|Any CPU.ActiveCfg = Debug|Any CPU
		{7ECF62C0-69EE-0E9D-E1DA-7D3158F52308}.Debug|Any CPU.Build.0 = Debug|Any CPU
		{7ECF62C0-69EE-0E9D-E1DA-7D3158F52308}.Release|Any CPU.ActiveCfg = Release|Any CPU
		{7ECF62C0-69EE-0E9D-E1DA-7D3158F52308}.Release|Any CPU.Build.0 = Release|Any CPU
		{36E35A83-09DD-66C0-DCCC-D51E95CB7DC8}.Debug|Any CPU.ActiveCfg = Debug|Any CPU
		{36E35A83-09DD-66C0-DCCC-D51E95CB7DC8}.Debug|Any CPU.Build.0 = Debug|Any CPU
		{36E35A83-09DD-66C0-DCCC-D51E95CB7DC8}.Release|Any CPU.ActiveCfg = Release|Any CPU
		{36E35A83-09DD-66C0-DCCC-D51E95CB7DC8}.Release|Any CPU.Build.0 = Release|Any CPU
		{AB1FC287-87A7-4A3F-56BA-5A3C667860AF}.Debug|Any CPU.ActiveCfg = Debug|Any CPU
		{AB1FC287-87A7-4A3F-56BA-5A3C667860AF}.Debug|Any CPU.Build.0 = Debug|Any CPU
		{AB1FC287-87A7-4A3F-56BA-5A3C667860AF}.Release|Any CPU.ActiveCfg = Release|Any CPU
		{AB1FC287-87A7-4A3F-56BA-5A3C667860AF}.Release|Any CPU.Build.0 = Release|Any CPU
	EndGlobalSection
	GlobalSection(SolutionProperties) = preSolution
		HideSolutionNode = FALSE
	EndGlobalSection
	GlobalSection(NestedProjects) = preSolution
		{CB29EC77-294A-128B-A661-110BB27B2F8F} = {CF51D642-7EC8-E555-D971-D07F9450EEFB}
		{7ECF62C0-69EE-0E9D-E1DA-7D3158F52308} = {5A7017A5-E732-70E4-9E23-BDC5685A6AB7}
		{36E35A83-09DD-66C0-DCCC-D51E95CB7DC8} = {DA128DBC-46E3-72A4-9E38-A9BB2244BC44}
		{AB1FC287-87A7-4A3F-56BA-5A3C667860AF} = {D74D01EA-BF70-E221-51E8-B5578C58920B}
	EndGlobalSection
	GlobalSection(ExtensibilityGlobals) = postSolution
		SolutionGuid = {71B25E1F-0E08-4F67-BD1B-2CABF3E1B4A5}
	EndGlobalSection
EndGlobal
